
Microsoft Visual Studio Solution File, Format Version 12.00
# Visual Studio 15
VisualStudioVersion = 15.0.28307.329
MinimumVisualStudioVersion = 10.0.40219.1
Project("{FAE04EC0-301F-11D3-BF4B-00C04F79EFBC}") = "DemographicIndicators", "DemographicIndicators\DemographicIndicators.csproj", "{CC2A8AFE-17B3-4B7E-9C5E-E709F7E98FC9}"
EndProject
Global
	GlobalSection(SolutionConfigurationPlatforms) = preSolution
		Debug|Any CPU = Debug|Any CPU
		Release|Any CPU = Release|Any CPU
	EndGlobalSection
	GlobalSection(ProjectConfigurationPlatforms) = postSolution
		{CC2A8AFE-17B3-4B7E-9C5E-E709F7E98FC9}.Debug|Any CPU.ActiveCfg = Debug|Any CPU
		{CC2A8AFE-17B3-4B7E-9C5E-E709F7E98FC9}.Debug|Any CPU.Build.0 = Debug|Any CPU
		{CC2A8AFE-17B3-4B7E-9C5E-E709F7E98FC9}.Release|Any CPU.ActiveCfg = Release|Any CPU
		{CC2A8AFE-17B3-4B7E-9C5E-E709F7E98FC9}.Release|Any CPU.Build.0 = Release|Any CPU
	EndGlobalSection
	GlobalSection(SolutionProperties) = preSolution
		HideSolutionNode = FALSE
	EndGlobalSection
	GlobalSection(ExtensibilityGlobals) = postSolution
		SolutionGuid = {BC486DE0-3273-475B-8821-ED5E5ED172E2}
	EndGlobalSection
EndGlobal
